{"format_version":"1.0","provider_schemas":{"registry.terraform.io/vmware/vcfa":{"provider":{"version":0,"block":{"attributes":{"allow_api_token_file":{"type":"bool","description":"Set this to true if you understand the security risks of using API token files and would like to suppress the warnings","description_kind":"plain","optional":true},"allow_service_account_token_file":{"type":"bool","description":"Set this to true if you understand the security risks of using Service Account token files and would like to suppress the warnings","description_kind":"plain","optional":true},"allow_unverified_ssl":{"type":"bool","description":"If set, VCFAClient will permit unverifiable SSL certificates.","description_kind":"plain","optional":true},"api_token":{"type":"string","description":"The API token used instead of username/password for VCFA API operations","description_kind":"plain","optional":true},"api_token_file":{"type":"string","description":"The API token file instead of username/password for VCFA API operations","description_kind":"plain","optional":true},"auth_type":{"type":"string","description":"'integrated', 'token', 'api_token', 'api_token_file' and 'service_account_token_file' are supported. 'integrated' is default.","description_kind":"plain","optional":true},"import_separator":{"type":"string","description":"Defines the import separation string to be used with 'terraform import'","description_kind":"plain","optional":true},"logging":{"type":"bool","description":"If set, it will enable logging of API requests and responses","description_kind":"plain","optional":true},"logging_file":{"type":"string","description":"Defines the full name of the logging file for API calls (requires 'logging')","description_kind":"plain","optional":true},"org":{"type":"string","description":"The VCFA Org for API operations","description_kind":"plain","required":true},"password":{"type":"string","description":"The user password for VCFA API operations.","description_kind":"plain","optional":true},"service_account_token_file":{"type":"string","description":"The Service Account API token file instead of username/password for VCFA API operations. (Requires VCFA 9.0+)","description_kind":"plain","optional":true},"sysorg":{"type":"string","description":"The VCFA Org for user authentication","description_kind":"plain","optional":true},"token":{"type":"string","description":"The token used instead of username/password for VCFA API operations.","description_kind":"plain","optional":true},"url":{"type":"string","description":"The VCFA url for VCFA API operations.","description_kind":"plain","required":true},"user":{"type":"string","description":"The user name for VCFA API operations.","description_kind":"plain","optional":true}},"description_kind":"plain"}},"resource_schemas":{"vcfa_api_token":{"version":0,"block":{"attributes":{"allow_token_file":{"type":"bool","description":"Set this to true if you understand the security risks of using API Token files and agree to creating them","description_kind":"plain","required":true},"file_name":{"type":"string","description":"Name of the file that the API Token will be saved to","description_kind":"plain","required":true},"id":{"type":"string","description_kind":"plain","optional":true,"computed":true},"name":{"type":"string","description":"Name of API Token","description_kind":"plain","required":true}},"description_kind":"plain"}},"vcfa_certificate":{"version":0,"block":{"attributes":{"alias":{"type":"string","description":"Alias of the Certificate","description_kind":"plain","required":true},"certificate":{"type":"string","description":"Certificate content","description_kind":"plain","required":true},"description":{"type":"string","description":"Certificate description","description_kind":"plain","optional":true},"id":{"type":"string","description_kind":"plain","optional":true,"computed":true},"org_id":{"type":"string","description":"The ID of Organization to use","description_kind":"plain","required":true},"private_key":{"type":"string","description":"Certificate private key","description_kind":"plain","optional":true,"sensitive":true},"private_key_passphrase":{"type":"string","description":"Certificate private passphrase","description_kind":"plain","optional":true,"sensitive":true}},"description_kind":"plain"}},"vcfa_content_library":{"version":0,"block":{"attributes":{"all_projects_permission":{"type":"string","description":"Permissions to apply to all projects in the Organization for this Content Library. Can be 'READ_ONLY' or 'READ_WRITE'. Only applicable when 'is_project_scoped' is set to 'true'","description_kind":"plain","optional":true},"auto_attach":{"type":"bool","description":"For Tenant Content Libraries this field represents whether this Content Library should be automatically attached to all current and future namespaces in the Organization. If no value is supplied during creation then this field will default to true. If a value of false is supplied, then this Tenant Content Library will only be attached to namespaces that explicitly request it. For Provider Content Libraries this field is not needed for creation and will always be returned as true. This field cannot be updated after creation","description_kind":"plain","optional":true},"creation_date":{"type":"string","description":"The ISO-8601 timestamp representing when this Content Library was created","description_kind":"plain","computed":true},"delete_force":{"type":"bool","description":"On deletion, forcefully deletes the Content Library and its Content Library Items. Only for PROVIDER Content Libraries","description_kind":"plain","optional":true},"delete_recursive":{"type":"bool","description":"On deletion, deletes the Content Library, including its Content Library Items, in a single operation","description_kind":"plain","optional":true},"description":{"type":"string","description":"The description of the Content Library","description_kind":"plain","optional":true,"computed":true},"id":{"type":"string","description_kind":"plain","optional":true,"computed":true},"is_project_scoped":{"type":"bool","description":"Whether this Content Library is scoped to specific projects in the Organization","description_kind":"plain","optional":true},"is_shared":{"type":"bool","description":"Whether this Content Library is shared with other Organizations","description_kind":"plain","computed":true},"is_subscribed":{"type":"bool","description":"Whether this Content Library is subscribed from an external published library","description_kind":"plain","computed":true},"library_type":{"type":"string","description":"The type of Content Library, can be either PROVIDER (Content Library that is scoped to a provider) or TENANT (Content Library that is scoped to a tenant organization)","description_kind":"plain","computed":true},"name":{"type":"string","description":"The name of the Content Library","description_kind":"plain","required":true},"org_id":{"type":"string","description":"The reference to the Organization that the Content Library belongs to","description_kind":"plain","required":true},"status":{"type":"string","description":"Status of this Content Library. Can be 'READY', 'NOT_READY', 'FAILED' or 'PARTIALLY_READY'","description_kind":"plain","computed":true},"storage_class_ids":{"type":["set","string"],"description":"A set of Storage Class IDs used by this Content Library","description_kind":"plain","required":true},"version_number":{"type":"number","description":"Version number of this Content Library","description_kind":"plain","computed":true}},"block_types":{"project_permissions":{"nesting_mode":"set","block":{"attributes":{"permissions":{"type":"string","description":"The type of project permission ('READ_ONLY' or 'READ_WRITE')","description_kind":"plain","required":true},"project_id":{"type":"string","description":"The ID of the project that this permission applies to","description_kind":"plain","required":true},"project_name":{"type":"string","description":"The name of the project that this permission applies to","description_kind":"plain","computed":true}},"description":"A set of project permissions for this Content Library. Only applicable when 'is_project_scoped' is set to 'true'","description_kind":"plain"}},"subscription_config":{"nesting_mode":"list","block":{"attributes":{"password":{"type":"string","description":"Password to use to authenticate with the publisher","description_kind":"plain","optional":true,"sensitive":true},"subscription_url":{"type":"string","description":"Subscription url of this Content Library","description_kind":"plain","required":true}},"description":"A block representing subscription settings of a Content Library","description_kind":"plain"},"max_items":1}},"description_kind":"plain"}},"vcfa_content_library_item":{"version":0,"block":{"attributes":{"content_library_id":{"type":"string","description":"ID of the Content Library that this Content Library Item belongs to","description_kind":"plain","required":true},"creation_date":{"type":"string","description":"The ISO-8601 timestamp representing when this Content Library Item was created","description_kind":"plain","computed":true},"description":{"type":"string","description":"The description of the Content Library Item","description_kind":"plain","optional":true},"file_paths":{"type":["set","string"],"description":"A single path to an OVA/ISO, or multiple paths for an OVF and its referenced files, to create the Content Library Item","description_kind":"plain","optional":true},"id":{"type":"string","description_kind":"plain","optional":true,"computed":true},"image_identifier":{"type":"string","description":"Virtual Machine Identifier (VMI) of the Content Library Item. This is a read-only field","description_kind":"plain","computed":true},"is_published":{"type":"bool","description":"Whether this Content Library Item is published","description_kind":"plain","computed":true},"is_subscribed":{"type":"bool","description":"Whether this Content Library Item is subscribed","description_kind":"plain","computed":true},"item_type":{"type":"string","description":"The type of Content Library Item","description_kind":"plain","computed":true},"last_successful_sync":{"type":"string","description":"The ISO-8601 timestamp representing when this Content Library Item was last synced if subscribed","description_kind":"plain","computed":true},"name":{"type":"string","description":"Name of the Content Library Item","description_kind":"plain","required":true},"owner_org_id":{"type":"string","description":"The reference to the Organization that the Content Library Item belongs to","description_kind":"plain","computed":true},"status":{"type":"string","description":"Status of this Content Library Item","description_kind":"plain","computed":true},"upload_piece_size":{"type":"number","description":"When uploading the Content Library Item, this argument defines the size of the file chunks in which it is split on every upload request. It can possibly impact upload performance. Default 1 MB","description_kind":"plain","optional":true},"version":{"type":"number","description":"The version of this Content Library Item. For a subscribed library, this version is same as in publisher library","description_kind":"plain","computed":true}},"description_kind":"plain"}},"vcfa_distributed_vlan_connection":{"version":0,"block":{"attributes":{"backing_id":{"type":"string","description":"ID for the matching Distributed Vlan Connection in NSX","description_kind":"plain","computed":true},"description":{"type":"string","description":"Description of Distributed Vlan Connection","description_kind":"plain","optional":true},"gateway_cidr":{"type":"string","description":"The gateway CIDR for the Distributed Vlan Connection","description_kind":"plain","required":true},"id":{"type":"string","description_kind":"plain","optional":true,"computed":true},"ip_space_id":{"type":"string","description":"Reference to an IP Block that is used for the external connection for this Distributed Vlan Connection. Required when 'subnet_exclusive' is 'false'","description_kind":"plain","optional":true,"computed":true},"name":{"type":"string","description":"Name of Distributed Vlan Connection","description_kind":"plain","required":true},"region_id":{"type":"string","description":"Region ID for this Distributed Vlan Connection","description_kind":"plain","required":true},"status":{"type":"string","description":"Status of Distributed Vlan Connection","description_kind":"plain","computed":true},"subnet_exclusive":{"type":"bool","description":"Whether this Distributed Vlan Connection is exclusively for the gateway CIDR only","description_kind":"plain","required":true},"vlan_id":{"type":"number","description":"The VLAN ID for the external traffic","description_kind":"plain","required":true},"zone_ids":{"type":["set","string"],"description":"The supervisor zones this Distributed Vlan Connection spans","description_kind":"plain","optional":true}},"description_kind":"plain"}},"vcfa_edge_cluster_qos":{"version":0,"block":{"attributes":{"edge_cluster_id":{"type":"string","description":"ID of Edge Cluster","description_kind":"plain","required":true},"egress_burst_size_bytes":{"type":"string","description":"Ingress burst size bytes for Edge Cluster","description_kind":"plain","optional":true},"egress_committed_bandwidth_mbps":{"type":"string","description":"Egress committed bandwidth in Mbps for Edge Cluster","description_kind":"plain","optional":true},"id":{"type":"string","description_kind":"plain","optional":true,"computed":true},"ingress_burst_size_bytes":{"type":"string","description":"Ingress burst size bytes for Edge Cluster","description_kind":"plain","optional":true},"ingress_committed_bandwidth_mbps":{"type":"string","description":"Ingress committed bandwidth in Mbps for Edge Cluster","description_kind":"plain","optional":true},"region_id":{"type":"string","description":"Region ID of  Edge Cluster","description_kind":"plain","computed":true}},"description_kind":"plain"}},"vcfa_global_role":{"version":0,"block":{"attributes":{"bundle_key":{"type":"string","description":"Key used for internationalization","description_kind":"plain","computed":true},"description":{"type":"string","description":"Global Role description","description_kind":"plain","required":true},"id":{"type":"string","description_kind":"plain","optional":true,"computed":true},"name":{"type":"string","description":"Name of the Global Role","description_kind":"plain","required":true},"org_ids":{"type":["set","string"],"description":"List of IDs of Organizations to which this Global Role is published","description_kind":"plain","optional":true,"computed":true},"publish_to_all_orgs":{"type":"bool","description":"When true, publishes the Global Role to all Organizations","description_kind":"plain","required":true},"read_only":{"type":"bool","description":"Whether this Global Role is read-only","description_kind":"plain","computed":true},"rights":{"type":["set","string"],"description":"List of Rights assigned to this Global Role","description_kind":"plain","optional":true}},"description_kind":"plain"}},"vcfa_ip_space":{"version":0,"block":{"attributes":{"backing_id":{"type":"string","description":"ID for the matching IP Block in NSX","description_kind":"plain","computed":true},"default_quota_max_cidr_count":{"type":"string","description":"Maximum number of subnets that can be allocated from internal scope in this IP Space. ('-1' for unlimited)","description_kind":"plain","required":true},"default_quota_max_ip_count":{"type":"string","description":"Maximum number of single floating IP addresses that can be allocated from internal scope in this IP Space. ('-1' for unlimited)","description_kind":"plain","required":true},"default_quota_max_subnet_size":{"type":"string","description":"Maximum subnet size represented as a prefix length (e.g. 24, 28) in IP Space","description_kind":"plain","required":true},"description":{"type":"string","description":"Description of IP Space","description_kind":"plain","optional":true},"external_scope":{"type":"string","description":"External scope in CIDR format","description_kind":"plain","deprecated":true,"optional":true},"id":{"type":"string","description_kind":"plain","optional":true,"computed":true},"is_imported_ip_block":{"type":"bool","description":"Indicates if the IP Block is imported from an existing NSX IP Block","description_kind":"plain","computed":true},"name":{"type":"string","description":"Name of IP Space","description_kind":"plain","required":true},"provider_visibility_only":{"type":"bool","description":"If set to true, the IP Space details will be hidden from organizations","description_kind":"plain","optional":true},"region_id":{"type":"string","description":"Region ID for this IP Space","description_kind":"plain","required":true},"status":{"type":"string","description":"Status of IP Space","description_kind":"plain","computed":true},"subnet_exclusive":{"type":"bool","description":"Whether this IP Block is exclusively for a single CIDR","description_kind":"plain","computed":true}},"block_types":{"cidr_blocks":{"nesting_mode":"set","block":{"attributes":{"cidr":{"type":"string","description":"The CIDR that represents this IP Block within IP Space","description_kind":"plain","required":true},"id":{"type":"string","description":"ID of the IP Block within IP Space","description_kind":"plain","computed":true},"name":{"type":"string","description":"Name of the IP Block within IP Space","description_kind":"plain","optional":true,"computed":true}},"description":"CIDR blocks of IP Space. Along with 'ip_address_ranges' typically defines the span of IP addresses used within a Data Center","description_kind":"plain"},"max_items":30},"internal_scope":{"nesting_mode":"set","block":{"attributes":{"cidr":{"type":"string","description":"The CIDR that represents this IP Block within IP Space","description_kind":"plain","required":true},"id":{"type":"string","description":"ID of the IP Block within IP Space","description_kind":"plain","computed":true},"name":{"type":"string","description":"Name of the IP Block within IP Space","description_kind":"plain","optional":true,"computed":true}},"description":"Internal scope of IP Space. Along with 'ip_address_ranges' typically defines the span of IP addresses used within a Data Center","description_kind":"plain","deprecated":true},"max_items":30},"ip_address_ranges":{"nesting_mode":"set","block":{"attributes":{"end_ip_address":{"type":"string","description":"Ending IP address in the range","description_kind":"plain","required":true},"id":{"type":"string","description":"ID of IP Range within IP Space","description_kind":"plain","computed":true},"start_ip_address":{"type":"string","description":"Starting IP address in the range","description_kind":"plain","required":true}},"description":"IP address ranges of IP Space. Along with 'internal_scope' typically defines the span of IP addresses used within a Data Center","description_kind":"plain"},"max_items":30},"reserved_ip_address_ranges":{"nesting_mode":"set","block":{"attributes":{"end_ip_address":{"type":"string","description":"Ending IP address in the range","description_kind":"plain","required":true},"id":{"type":"string","description":"ID of IP Range within IP Space","description_kind":"plain","computed":true},"start_ip_address":{"type":"string","description":"Starting IP address in the range","description_kind":"plain","required":true}},"description":"IP addresses that will not be considered for IP allocation. Reserved IPs have to be part of one of the CIDRs or IP Ranges of IP Space","description_kind":"plain"},"max_items":128}},"description_kind":"plain"}},"vcfa_nsx_manager":{"version":0,"block":{"attributes":{"active":{"type":"bool","description":"Indicates whether the NSX Manager can or cannot be used to manage networking constructs within VCFA","description_kind":"plain","computed":true},"auto_trust_certificate":{"type":"bool","description":"Defines if the NSX Manager certificate should automatically be trusted","description_kind":"plain","required":true},"cluster_id":{"type":"string","description":"Cluster ID of the NSX Manager. Each NSX installation has a single cluster. This is not a VCFA URN","description_kind":"plain","computed":true},"description":{"type":"string","description":"Description of NSX Manager","description_kind":"plain","required":true},"href":{"type":"string","description":"HREF of NSX Manager","description_kind":"plain","computed":true},"id":{"type":"string","description_kind":"plain","optional":true,"computed":true},"is_dedicated_for_classic_tenants":{"type":"bool","description":"Whether this NSX Manager is dedicated for legacy VRA-style tenants only and unable to participate in modern constructs such as Regions and Zones. Legacy VRA-style is deprecated and this field exists for the purpose of VRA backwards compatibility only","description_kind":"plain","computed":true},"name":{"type":"string","description":"Name of NSX Manager","description_kind":"plain","required":true},"password":{"type":"string","description":"Password for authenticating to NSX Manager","description_kind":"plain","required":true,"sensitive":true},"status":{"type":"string","description":"Status of NSX Manager","description_kind":"plain","computed":true},"url":{"type":"string","description":"URL of NSX Manager","description_kind":"plain","required":true},"username":{"type":"string","description":"Username for authenticating to NSX Manager","description_kind":"plain","required":true}},"description_kind":"plain"}},"vcfa_org":{"version":0,"block":{"attributes":{"can_publish":{"type":"bool","description":"Defines whether the Organization can publish catalogs externally","description_kind":"plain","computed":true},"catalog_count":{"type":"number","description":"Number of catalog belonging to the Organization","description_kind":"plain","computed":true},"description":{"type":"string","description":"Optional description","description_kind":"plain","optional":true},"directly_managed_org_count":{"type":"number","description":"Number of directly managed Organizations","description_kind":"plain","computed":true},"disk_count":{"type":"number","description":"Number of disks in the Organization","description_kind":"plain","computed":true},"display_name":{"type":"string","description":"Appears in the Cloud application as a human-readable name of the Organization","description_kind":"plain","required":true},"id":{"type":"string","description_kind":"plain","optional":true,"computed":true},"is_classic_tenant":{"type":"bool","description":"Defines whether the Organization is a classic VRA-style tenant","description_kind":"plain","optional":true},"is_enabled":{"type":"bool","description":"Defines if the Organization enabled. Defaults to 'true'","description_kind":"plain","optional":true},"managed_by_id":{"type":"string","description":"Organization owner ID","description_kind":"plain","computed":true},"managed_by_name":{"type":"string","description":"Organization owner Name","description_kind":"plain","computed":true},"name":{"type":"string","description":"The unique identifier in the full URL with which users log in to this Organization","description_kind":"plain","required":true},"org_region_quota_count":{"type":"number","description":"Number of Org Region Quotas belonging to the Organization","description_kind":"plain","computed":true},"running_vm_count":{"type":"number","description":"Number of running VMs in the Organization","description_kind":"plain","computed":true},"user_count":{"type":"number","description":"Number of users in the Organization","description_kind":"plain","computed":true},"vapp_count":{"type":"number","description":"Number of vApps belonging to the Organization","description_kind":"plain","computed":true}},"description_kind":"plain"}},"vcfa_org_ldap":{"version":0,"block":{"attributes":{"auto_trust_certificate":{"type":"bool","description":"Defines if the LDAP certificate should automatically be trusted, only makes sense if 'custom_settings.0.is_ssl=true'","description_kind":"plain","required":true},"custom_user_ou":{"type":"string","description":"If ldap_mode is SYSTEM, specifies a LDAP attribute=value pair to use for OU (organizational unit)","description_kind":"plain","optional":true},"id":{"type":"string","description_kind":"plain","optional":true,"computed":true},"ldap_mode":{"type":"string","description":"Type of LDAP settings (one of NONE, SYSTEM, CUSTOM)","description_kind":"plain","required":true},"org_id":{"type":"string","description":"Organization ID","description_kind":"plain","required":true}},"block_types":{"custom_settings":{"nesting_mode":"list","block":{"attributes":{"base_distinguished_name":{"type":"string","description":"LDAP search base","description_kind":"plain","optional":true},"connector_type":{"type":"string","description":"type of connector: one of OPEN_LDAP, ACTIVE_DIRECTORY","description_kind":"plain","required":true},"custom_ui_button_label":{"type":"string","description":"If you provide a custom button label, on the login screen, the custom label replaces the default label for this identity provider","description_kind":"plain","optional":true},"is_ssl":{"type":"bool","description":"True if the LDAP service requires an SSL connection","description_kind":"plain","optional":true},"password":{"type":"string","description":"Password for the user identified by UserName. This value is never returned by GET. It is inspected on create and modify. On modify, the absence of this element indicates that the password should not be changed","description_kind":"plain","optional":true,"sensitive":true},"port":{"type":"number","description":"Port number for LDAP service","description_kind":"plain","required":true},"server":{"type":"string","description":"host name or IP of the LDAP server","description_kind":"plain","required":true},"username":{"type":"string","description":"Username to use when logging in to LDAP, specified using LDAP attribute=value pairs (for example: cn=\"ldap-admin\", c=\"example\", dc=\"com\")","description_kind":"plain","optional":true}},"block_types":{"group_attributes":{"nesting_mode":"list","block":{"attributes":{"group_back_link_identifier":{"type":"string","description":"LDAP group attribute used to identify a group member","description_kind":"plain","optional":true},"group_membership_identifier":{"type":"string","description":"LDAP attribute that identifies a group as a member of another group. For example, the 'dn' attribute","description_kind":"plain","required":true},"membership":{"type":"string","description":"LDAP attribute to use when getting the members of a group. For example, the 'member' attribute","description_kind":"plain","required":true},"name":{"type":"string","description":"LDAP attribute to use for the group name. For example, the 'cn' attribute","description_kind":"plain","required":true},"object_class":{"type":"string","description":"LDAP objectClass of which imported groups are members. For example, the 'group' attribute","description_kind":"plain","required":true},"unique_identifier":{"type":"string","description":"LDAP attribute to use as the unique identifier for a group. For example, the 'objectGuid' attribute","description_kind":"plain","required":true}},"description":"Group settings when `ldap_mode` is CUSTOM","description_kind":"plain"},"min_items":1,"max_items":1},"user_attributes":{"nesting_mode":"list","block":{"attributes":{"display_name":{"type":"string","description":"LDAP attribute to use for the user's full name. For example, the 'displayName' attribute","description_kind":"plain","required":true},"email":{"type":"string","description":"LDAP attribute to use for the user's email address. For example, the 'mail' attribute","description_kind":"plain","required":true},"given_name":{"type":"string","description":"LDAP attribute to use for the user's given name. For example, the 'givenName' attribute","description_kind":"plain","required":true},"group_back_link_identifier":{"type":"string","description":"LDAP attribute that returns the identifiers of all the groups of which the user is a member","description_kind":"plain","optional":true},"group_membership_identifier":{"type":"string","description":"LDAP attribute that identifies a user as a member of a group. For example, the 'dn' attribute","description_kind":"plain","required":true},"object_class":{"type":"string","description":"LDAP objectClass of which imported users are members. For example, 'user' or 'person' attributes","description_kind":"plain","required":true},"surname":{"type":"string","description":"LDAP attribute to use for the user's surname. For example, the 'sn' attribute","description_kind":"plain","required":true},"telephone":{"type":"string","description":"LDAP attribute to use for the user's telephone number. For example, the 'telephoneNumber' attribute","description_kind":"plain","required":true},"unique_identifier":{"type":"string","description":"LDAP attribute to use as the unique identifier for a user. For example, the 'objectGuid' attribute","description_kind":"plain","required":true},"username":{"type":"string","description":"LDAP attribute to use when looking up a user name to import. For example, 'userPrincipalName' or 'samAccountName' attributes","description_kind":"plain","required":true}},"description":"LDAP user attributes","description_kind":"plain"},"min_items":1,"max_items":1}},"description":"Custom settings when `ldap_mode` is CUSTOM","description_kind":"plain"},"max_items":1}},"description_kind":"plain"}},"vcfa_org_local_user":{"version":0,"block":{"attributes":{"id":{"type":"string","description_kind":"plain","optional":true,"computed":true},"org_id":{"type":"string","description":"Parent Organization ID for Org Local User","description_kind":"plain","required":true},"password":{"type":"string","description":"Password for Org Local User","description_kind":"plain","required":true,"sensitive":true},"role_ids":{"type":["set","string"],"description":"Roles to use for Org Local User","description_kind":"plain","required":true},"username":{"type":"string","description":"Org Local User username","description_kind":"plain","required":true}},"description_kind":"plain"}},"vcfa_org_networking":{"version":0,"block":{"attributes":{"id":{"type":"string","description_kind":"plain","optional":true,"computed":true},"log_name":{"type":"string","description":"A globally unique identifier (max 8 char) for this Organization in the logs of the backing network provider","description_kind":"plain","required":true},"networking_tenancy_enabled":{"type":"bool","description":"Whether this Organization has tenancy for the network domain in the backing network provider","description_kind":"plain","computed":true},"org_id":{"type":"string","description":"Parent Organization for Organization Networking Settings","description_kind":"plain","required":true}},"description_kind":"plain"}},"vcfa_org_oidc":{"version":0,"block":{"attributes":{"access_token_endpoint":{"type":"string","description":"The access token endpoint of the OpenID Connect Identity Provider. If 'wellknown_endpoint' is set, this attribute overrides the obtained access token endpoint","description_kind":"plain","optional":true,"computed":true},"client_id":{"type":"string","description":"Client ID to use when talking to the OpenID Connect Identity Provider","description_kind":"plain","required":true},"client_secret":{"type":"string","description":"Client Secret to use when talking to the OpenID Connect Identity Provider","description_kind":"plain","required":true,"sensitive":true},"enabled":{"type":"bool","description":"Enables or disables OpenID Connect authentication for the specified Organization","description_kind":"plain","required":true},"id":{"type":"string","description_kind":"plain","optional":true,"computed":true},"issuer_id":{"type":"string","description":"The issuer identifier of the OpenID Connect Identity Provider. If 'wellknown_endpoint' is set, this attribute overrides the obtained issuer identifier","description_kind":"plain","optional":true,"computed":true},"key_expire_duration_hours":{"type":"number","description":"Defines the expiration period of the key, only when 'key_refresh_strategy=EXPIRE_AFTER'. Maximum is 24 hours","description_kind":"plain","optional":true},"key_refresh_endpoint":{"type":"string","description":"Endpoint used to refresh the keys. If 'wellknown_endpoint' is set, then this argumentwill override the obtained endpoint","description_kind":"plain","optional":true,"computed":true},"key_refresh_period_hours":{"type":"number","description":"Defines the frequency of key refresh. Maximum is 720 hours","description_kind":"plain","optional":true},"key_refresh_strategy":{"type":"string","description":"Defines the strategy of key refresh","description_kind":"plain","optional":true},"max_clock_skew_seconds":{"type":"number","description":"The maximum clock skew is the maximum allowable time difference between the client and server. This time compensates for any small-time differences in the timestamps when verifying tokens","description_kind":"plain","optional":true},"org_id":{"type":"string","description":"ID of the Organization that will have the OpenID Connect settings configured","description_kind":"plain","required":true},"prefer_id_token":{"type":"bool","description":"If you want to combine claims from 'userinfo_endpoint' and the ID Token, set this to 'true'. The identity providers do not provide all the required claims set in 'userinfo_endpoint'.By setting this argument to 'true', VCFA can fetch and consume claims from both sources","description_kind":"plain","optional":true},"redirect_uri":{"type":"string","description":"Redirect URI for this org","description_kind":"plain","computed":true},"scopes":{"type":["set","string"],"description":"A set of scopes to use with the OpenID Connect provider. They are used to authorize access to user details, by defining the permissions that the access tokens have to access user information. If 'wellknown_endpoint' is set, this attribute overrides the obtained scopes","description_kind":"plain","optional":true,"computed":true},"ui_button_label":{"type":"string","description":"Customizes the label of the UI button of the login screen","description_kind":"plain","optional":true},"user_authorization_endpoint":{"type":"string","description":"The user authorization endpoint of the OpenID Connect Identity Provider. If 'wellknown_endpoint' is set, this attribute overrides the obtained user authorization endpoint","description_kind":"plain","optional":true,"computed":true},"userinfo_endpoint":{"type":"string","description":"The user info endpoint of the OpenID Connect Identity Provider. If 'wellknown_endpoint' is set, this attribute overrides the obtained user info endpoint","description_kind":"plain","optional":true,"computed":true},"wellknown_endpoint":{"type":"string","description":"Endpoint from the OpenID Connect Identity Provider that serves all the configuration values","description_kind":"plain","optional":true}},"block_types":{"claims_mapping":{"nesting_mode":"list","block":{"attributes":{"email":{"type":"string","description":"Email claim mapping","description_kind":"plain","optional":true,"computed":true},"first_name":{"type":"string","description":"First name claim mapping","description_kind":"plain","optional":true,"computed":true},"full_name":{"type":"string","description":"Full name claim mapping","description_kind":"plain","optional":true,"computed":true},"groups":{"type":"string","description":"Groups claim mapping","description_kind":"plain","optional":true,"computed":true},"last_name":{"type":"string","description":"Last name claim mapping","description_kind":"plain","optional":true,"computed":true},"roles":{"type":"string","description":"Roles claim mapping","description_kind":"plain","optional":true,"computed":true},"subject":{"type":"string","description":"Subject claim mapping","description_kind":"plain","optional":true,"computed":true}},"description":"A single configuration block that specifies the claim mappings to use with the OpenID Connect provider. If 'wellknown_endpoint' is set, this attribute overrides the obtained claim mappings","description_kind":"plain"},"max_items":1},"key":{"nesting_mode":"set","block":{"attributes":{"algorithm":{"type":"string","description":"Algorithm of the key, either RSA or EC","description_kind":"plain","required":true},"certificate":{"type":"string","description":"The certificate contents","description_kind":"plain","required":true},"expiration_date":{"type":"string","description":"Expiration date for the certificate","description_kind":"plain","optional":true},"id":{"type":"string","description":"ID of the key","description_kind":"plain","required":true}},"description":"One or more configuration blocks that specify the keys to use with the OpenID Connect Identity Provider. If 'wellknown_endpoint' is set, this attribute overrides the obtained keys","description_kind":"plain"}}},"description_kind":"plain"}},"vcfa_org_region_quota":{"version":0,"block":{"attributes":{"description":{"type":"string","description":"Description of the Org Region Quota","description_kind":"plain","optional":true},"id":{"type":"string","description_kind":"plain","optional":true,"computed":true},"name":{"type":"string","description":"Name of the Org Region Quota","description_kind":"plain","computed":true},"org_id":{"type":"string","description":"Parent Organization ID","description_kind":"plain","required":true},"region_id":{"type":"string","description":"Parent Region ID","description_kind":"plain","required":true},"region_vm_class_ids":{"type":["set","string"],"description":"A set of Region VM Class IDs to assign to this Org Region Quota","description_kind":"plain","required":true},"status":{"type":"string","description":"Org Region Quota status","description_kind":"plain","computed":true},"supervisor_ids":{"type":["set","string"],"description":"A set of Supervisor IDs that back this Org Region Quota","description_kind":"plain","required":true}},"block_types":{"region_storage_policy":{"nesting_mode":"set","block":{"attributes":{"id":{"type":"string","description":"The ID of the Org Region Quota Storage Policy","description_kind":"plain","computed":true},"name":{"type":"string","description":"The name of the Storage Policy. It follows RFC 1123 Label Names to conform with Kubernetes standards","description_kind":"plain","computed":true},"region_storage_policy_id":{"type":"string","description":"The ID of the Region Storage Policy for this Org Region Quota","description_kind":"plain","required":true},"storage_limit_mib":{"type":"number","description":"Maximum allowed storage allocation in mebibytes. Minimum value: 0","description_kind":"plain","required":true},"storage_used_mib":{"type":"number","description":"Amount of storage used in mebibytes","description_kind":"plain","computed":true}},"description":"A set of Region Storage Policy to assign to this Org Region Quota","description_kind":"plain"},"min_items":1},"zone_resource_allocations":{"nesting_mode":"set","block":{"attributes":{"cpu_limit_mhz":{"type":"number","description":"CPU limit in MHz","description_kind":"plain","required":true},"cpu_reservation_mhz":{"type":"number","description":"CPU reservation in MHz","description_kind":"plain","required":true},"memory_limit_mib":{"type":"number","description":"Memory limit in MiB","description_kind":"plain","required":true},"memory_reservation_mib":{"type":"number","description":"Memory reservation in MiB","description_kind":"plain","required":true},"region_zone_id":{"type":"string","description":"Region Zone ID","description_kind":"plain","required":true},"region_zone_name":{"type":"string","description":"Region Zone Name","description_kind":"plain","computed":true}},"description":"A set of Region Zones and their resource allocations","description_kind":"plain"},"min_items":1}},"description_kind":"plain"}},"vcfa_org_regional_networking":{"version":0,"block":{"attributes":{"edge_cluster_id":{"type":"string","description":"Backing Edge Cluster ID for Org Regional Networking. Will be autoselected if not specified.","description_kind":"plain","optional":true,"computed":true},"id":{"type":"string","description_kind":"plain","optional":true,"computed":true},"name":{"type":"string","description":"Name of Org Regional Networking","description_kind":"plain","required":true},"org_id":{"type":"string","description":"Parent Organization ID for Org Regional Networking","description_kind":"plain","required":true},"provider_gateway_id":{"type":"string","description":"Parent Provider Gateway ID for Org Regional Networking","description_kind":"plain","required":true},"region_id":{"type":"string","description":"Parent Region ID for Org Regional Networking","description_kind":"plain","required":true},"status":{"type":"string","description":"Status of Org Regional Networking","description_kind":"plain","computed":true}},"description_kind":"plain"}},"vcfa_org_regional_networking_vpc_qos":{"version":0,"block":{"attributes":{"edge_cluster_id":{"type":"string","description":"ID of parent Edge Cluster","description_kind":"plain","computed":true},"egress_burst_size_bytes":{"type":"string","description":"Ingress burst size bytes for Regional Networking VPC Connectivity Profile QoS","description_kind":"plain","optional":true,"computed":true},"egress_committed_bandwidth_mbps":{"type":"string","description":"Egress committed bandwidth in Mbps for Regional Networking VPC Connectivity Profile QoS","description_kind":"plain","optional":true,"computed":true},"id":{"type":"string","description_kind":"plain","optional":true,"computed":true},"ingress_burst_size_bytes":{"type":"string","description":"Ingress burst size bytes for Regional Networking VPC Connectivity Profile QoS","description_kind":"plain","optional":true,"computed":true},"ingress_committed_bandwidth_mbps":{"type":"string","description":"Ingress committed bandwidth in Mbps for Regional Networking VPC Connectivity Profile QoS","description_kind":"plain","optional":true,"computed":true},"org_regional_networking_id":{"type":"string","description":"ID of Org Regional Networking","description_kind":"plain","required":true}},"description_kind":"plain"}},"vcfa_org_settings":{"version":0,"block":{"attributes":{"can_create_subscribed_libraries":{"type":"bool","description":"Whether the Organization can create content libraries that are subscribed to external sources","description_kind":"plain","required":true},"can_subscribe_to_third_party_libraries":{"type":"bool","description":"Whether the Organization can create content libraries that are subscribed to official third-party sources","description_kind":"plain","optional":true},"id":{"type":"string","description_kind":"plain","optional":true,"computed":true},"org_id":{"type":"string","description":"Parent Organization for Organization Settings","description_kind":"plain","required":true},"quarantine_content_library_items":{"type":"bool","description":"Whether to quarantine new Content Library Items for file inspection","description_kind":"plain","required":true}},"description_kind":"plain"}},"vcfa_provider_gateway":{"version":0,"block":{"attributes":{"allow_advertising_private_ip_blocks":{"type":"bool","description":"Allows the Provider Gateway to advertise their own private IP Blocks. Cannot be changed after creation","description_kind":"plain","optional":true},"description":{"type":"string","description":"Description of Provider Gateway","description_kind":"plain","optional":true},"gateway_connection_backing_id":{"type":"string","description":"The ID of the associated Gateway Connection in NSX, if any","description_kind":"plain","computed":true},"id":{"type":"string","description_kind":"plain","optional":true,"computed":true},"inbound_remote_networks":{"type":["set","string"],"description":"The total span of IP addresses to which the Provider Gateway has access (e.g. '0.0.0.0/0' for the internet, '10.0.0.0/8' for a WAN)","description_kind":"plain","optional":true},"ip_space_ids":{"type":["set","string"],"description":"A set of IP Space IDs used in this Provider Gateway","description_kind":"plain","required":true},"name":{"type":"string","description":"Name of Provider Gateway","description_kind":"plain","required":true},"nat_config_enabled":{"type":"bool","description":"Whether the Outbound NAT is enabled for the Provider Gateway","description_kind":"plain","optional":true},"nat_config_ip_space_id":{"type":"string","description":"IP Space used to configure Outbound NAT. Required if Outbound NAT is enabled. Cannot be changed after creation","description_kind":"plain","optional":true},"nat_config_logging":{"type":"bool","description":"Whether logging is enabled for the Outbound NAT configuration","description_kind":"plain","optional":true},"region_id":{"type":"string","description":"Parent Region of Provider Gateway","description_kind":"plain","required":true},"status":{"type":"string","description":"Status of Provider Gateway","description_kind":"plain","computed":true},"tier0_gateway_id":{"type":"string","description":"Parent Tier-0 Gateway of Provider Gateway","description_kind":"plain","required":true}},"description_kind":"plain"}},"vcfa_provider_ldap":{"version":0,"block":{"attributes":{"auto_trust_certificate":{"type":"bool","description":"Defines if the LDAP certificate should automatically be trusted, only makes sense if 'is_ssl=true'","description_kind":"plain","required":true},"base_distinguished_name":{"type":"string","description":"LDAP search base","description_kind":"plain","required":true},"connector_type":{"type":"string","description":"Type of connector: one of OPEN_LDAP, ACTIVE_DIRECTORY","description_kind":"plain","required":true},"custom_ui_button_label":{"type":"string","description":"If you provide a custom button label, on the login screen, the custom label replaces the default label for this identity provider","description_kind":"plain","optional":true},"id":{"type":"string","description_kind":"plain","optional":true,"computed":true},"is_ssl":{"type":"bool","description":"True if the LDAP service requires an SSL connection","description_kind":"plain","optional":true},"password":{"type":"string","description":"Password for the user identified by UserName. This value is never returned back. It is inspected on create and modify. On modify, the absence of this element indicates that the password should not be changed","description_kind":"plain","optional":true,"sensitive":true},"port":{"type":"number","description":"Port number for LDAP service","description_kind":"plain","required":true},"server":{"type":"string","description":"host name or IP of the LDAP server","description_kind":"plain","required":true},"username":{"type":"string","description":"Username to use when logging in to LDAP, specified using LDAP attribute=value pairs (for example: cn=\"ldap-admin\", c=\"example\", dc=\"com\")","description_kind":"plain","optional":true}},"block_types":{"group_attributes":{"nesting_mode":"list","block":{"attributes":{"group_back_link_identifier":{"type":"string","description":"LDAP group attribute used to identify a group member","description_kind":"plain","optional":true},"group_membership_identifier":{"type":"string","description":"LDAP attribute that identifies a group as a member of another group. For example, the 'dn' attribute","description_kind":"plain","required":true},"membership":{"type":"string","description":"LDAP attribute to use when getting the members of a group. For example, the 'member' attribute","description_kind":"plain","required":true},"name":{"type":"string","description":"LDAP attribute to use for the group name. For example, the 'cn' attribute","description_kind":"plain","required":true},"object_class":{"type":"string","description":"LDAP objectClass of which imported groups are members. For example, the 'group' attribute","description_kind":"plain","required":true},"unique_identifier":{"type":"string","description":"LDAP attribute to use as the unique identifier for a group. For example, the 'objectGuid' attribute","description_kind":"plain","required":true}},"description":"Group settings when `ldap_mode` is CUSTOM","description_kind":"plain"},"min_items":1,"max_items":1},"user_attributes":{"nesting_mode":"list","block":{"attributes":{"display_name":{"type":"string","description":"LDAP attribute to use for the user's full name. For example, the 'displayName' attribute","description_kind":"plain","required":true},"email":{"type":"string","description":"LDAP attribute to use for the user's email address. For example, the 'mail' attribute","description_kind":"plain","required":true},"given_name":{"type":"string","description":"LDAP attribute to use for the user's given name. For example, the 'givenName' attribute","description_kind":"plain","required":true},"group_back_link_identifier":{"type":"string","description":"LDAP attribute that returns the identifiers of all the groups of which the user is a member","description_kind":"plain","optional":true},"group_membership_identifier":{"type":"string","description":"LDAP attribute that identifies a user as a member of a group. For example, the 'dn' attribute","description_kind":"plain","required":true},"object_class":{"type":"string","description":"LDAP objectClass of which imported users are members. For example, 'user' or 'person' attributes","description_kind":"plain","required":true},"surname":{"type":"string","description":"LDAP attribute to use for the user's surname. For example, the 'sn' attribute","description_kind":"plain","required":true},"telephone":{"type":"string","description":"LDAP attribute to use for the user's telephone number. For example, the 'telephoneNumber' attribute","description_kind":"plain","required":true},"unique_identifier":{"type":"string","description":"LDAP attribute to use as the unique identifier for a user. For example, the 'objectGuid' attribute","description_kind":"plain","required":true},"username":{"type":"string","description":"LDAP attribute to use when looking up a user name to import. For example, 'userPrincipalName' or 'samAccountName' attributes","description_kind":"plain","required":true}},"description":"LDAP user attributes","description_kind":"plain"},"min_items":1,"max_items":1}},"description_kind":"plain"}},"vcfa_region":{"version":0,"block":{"attributes":{"cpu_capacity_mhz":{"type":"number","description":"CPU Capacity in MHz","description_kind":"plain","computed":true},"cpu_reservation_capacity_mhz":{"type":"number","description":"CPU reservation in MHz","description_kind":"plain","computed":true},"description":{"type":"string","description":"Region description","description_kind":"plain","optional":true},"id":{"type":"string","description_kind":"plain","optional":true,"computed":true},"memory_capacity_mib":{"type":"number","description":"Memory capacity in MiB","description_kind":"plain","computed":true},"memory_reservation_capacity_mib":{"type":"number","description":"Memory reservation in MiB","description_kind":"plain","computed":true},"name":{"type":"string","description":"Region name","description_kind":"plain","required":true},"nsx_manager_id":{"type":"string","description":"NSX Manager ID","description_kind":"plain","required":true},"status":{"type":"string","description":"Status of the Region","description_kind":"plain","computed":true},"storage_policy_names":{"type":["set","string"],"description":"A set of storage policy names","description_kind":"plain","required":true},"supervisor_ids":{"type":["set","string"],"description":"A set of supervisor IDs used in this Region","description_kind":"plain","required":true}},"description_kind":"plain"}},"vcfa_rights_bundle":{"version":0,"block":{"attributes":{"bundle_key":{"type":"string","description":"Key used for internationalization","description_kind":"plain","computed":true},"description":{"type":"string","description":"Rights Bundle description","description_kind":"plain","required":true},"id":{"type":"string","description_kind":"plain","optional":true,"computed":true},"name":{"type":"string","description":"Name of the Rights Bundle","description_kind":"plain","required":true},"org_ids":{"type":["set","string"],"description":"Set of Organizations IDs to which this Rights Bundle is published","description_kind":"plain","optional":true},"publish_to_all_orgs":{"type":"bool","description":"When true, publishes the Rights Bundle to all Organizations","description_kind":"plain","required":true},"read_only":{"type":"bool","description":"Whether this Rights Bundle is read-only","description_kind":"plain","computed":true},"rights":{"type":["set","string"],"description":"Set of Rights assigned to this Rights Bundle","description_kind":"plain","optional":true}},"description_kind":"plain"}},"vcfa_role":{"version":0,"block":{"attributes":{"bundle_key":{"type":"string","description":"Key used for internationalization","description_kind":"plain","computed":true},"description":{"type":"string","description":"Role description","description_kind":"plain","required":true},"id":{"type":"string","description_kind":"plain","optional":true,"computed":true},"name":{"type":"string","description":"Name of the Role","description_kind":"plain","required":true},"org_id":{"type":"string","description":"The ID of the Organization of the Role","description_kind":"plain","required":true},"read_only":{"type":"bool","description":"Whether this Role is read-only","description_kind":"plain","computed":true},"rights":{"type":["set","string"],"description":"Set of Rights assigned to this Role","description_kind":"plain","optional":true}},"description_kind":"plain"}},"vcfa_shared_subnet":{"version":0,"block":{"attributes":{"backing_id":{"type":"string","description":"ID for the matching Subnet in NSX","description_kind":"plain","computed":true},"description":{"type":"string","description":"Description of Shared Subnet","description_kind":"plain","optional":true},"gateway_cidr":{"type":"string","description":"The gateway CIDR for the Shared Subnet. This cannot be updated","description_kind":"plain","required":true},"id":{"type":"string","description_kind":"plain","optional":true,"computed":true},"ip_space_id":{"type":"string","description":"The IP Block that is automatically created for this Shared Subnet","description_kind":"plain","computed":true},"name":{"type":"string","description":"Name of Shared Subnet","description_kind":"plain","required":true},"region_id":{"type":"string","description":"Region ID for this Shared Subnet","description_kind":"plain","required":true},"status":{"type":"string","description":"Status of Shared Subnet","description_kind":"plain","computed":true},"subnet_type":{"type":"string","description":"Type of Shared Subnet","description_kind":"plain","required":true},"vlan_id":{"type":"number","description":"The VLAN ID if type is VLAN","description_kind":"plain","required":true}},"description_kind":"plain"}},"vcfa_supervisor_namespace":{"version":0,"block":{"attributes":{"class_name":{"type":"string","description":"The name of the Supervisor Namespace Class","description_kind":"plain","required":true},"conditions":{"type":["set",["object",{"last_transition_time":"string","message":"string","reason":"string","severity":"string","status":"string","type":"string"}]],"description":"Detailed conditions tracking Supervisor Namespace health and lifecycle events","description_kind":"plain","computed":true},"content_libraries":{"type":["set",["object",{"name":"string","type":"string"}]],"description":"Content libraries currently available in the Supervisor Namespace","description_kind":"plain","computed":true},"description":{"type":"string","description":"Description","description_kind":"plain","optional":true},"id":{"type":"string","description_kind":"plain","optional":true,"computed":true},"infra_policies":{"type":["set",["object",{"mandatory":"bool","name":"string"}]],"description":"List of Infra Policies associated with the Supervisor Namespace","description_kind":"plain","computed":true},"infra_policy_names":{"type":["set","string"],"description":"List of Non-mandatory Infra Policies to be associated with the Supervisor Namespace","description_kind":"plain","optional":true},"name":{"type":"string","description":"Name of the Supervisor Namespace","description_kind":"plain","computed":true},"name_prefix":{"type":"string","description":"Prefix for the Supervisor Namespace name","description_kind":"plain","required":true},"phase":{"type":"string","description":"Phase of the Supervisor Namespace","description_kind":"plain","computed":true},"project_name":{"type":"string","description":"The name of the Project the Supervisor Namespace belongs to","description_kind":"plain","required":true},"ready":{"type":"bool","description":"Whether the Supervisor Namespace is in a ready status or not","description_kind":"plain","computed":true},"region_name":{"type":"string","description":"Name of the Region","description_kind":"plain","required":true},"seg_name":{"type":"string","description":"Service Engine Group associated with the Supervisor Namespace","description_kind":"plain","optional":true},"shared_subnet_names":{"type":["set","string"],"description":"Shared subnets associated with the Supervisor Namespace","description_kind":"plain","optional":true},"storage_classes":{"type":["set",["object",{"limit":"string","name":"string"}]],"description":"Supervisor Namespace Storage Classes","description_kind":"plain","computed":true},"vm_classes":{"type":["set",["object",{"name":"string"}]],"description":"Supervisor Namespace VM Classes","description_kind":"plain","computed":true},"vpc_name":{"type":"string","description":"Name of the VPC","description_kind":"plain","required":true},"zones":{"type":["set",["object",{"cpu_limit":"string","cpu_reservation":"string","marked_for_removal":"bool","memory_limit":"string","memory_reservation":"string","name":"string"}]],"description":"Supervisor Namespace Zones","description_kind":"plain","computed":true}},"block_types":{"content_sources_class_config_overrides":{"nesting_mode":"set","block":{"attributes":{"name":{"type":"string","description":"Name of the content library","description_kind":"plain","required":true},"type":{"type":"string","description":"Type of content source","description_kind":"plain","required":true}},"description":"Class Config Overrides for Content Sources","description_kind":"plain"}},"storage_classes_class_config_overrides":{"nesting_mode":"set","block":{"attributes":{"limit":{"type":"string","description":"Limit (format: `\u003cnumber\u003e\u003cunit\u003e`, where `\u003cunit\u003e` can be `Mi`, `Gi`, or `Ti`)","description_kind":"plain","required":true},"name":{"type":"string","description":"Name of the Storage Class","description_kind":"plain","required":true}},"description":"Class Config Overrides for Storage Classes","description_kind":"plain"}},"storage_classes_initial_class_config_overrides":{"nesting_mode":"set","block":{"attributes":{"limit":{"type":"string","description":"Limit (format: `\u003cnumber\u003e\u003cunit\u003e`, where `\u003cunit\u003e` can be `Mi`, `Gi`, or `Ti`)","description_kind":"plain","required":true},"name":{"type":"string","description":"Name of the Storage Class","description_kind":"plain","required":true}},"description":"Initial Class Config Overrides for Storage Classes","description_kind":"plain","deprecated":true}},"vm_classes_class_config_overrides":{"nesting_mode":"set","block":{"attributes":{"name":{"type":"string","description":"Name of the VM Class","description_kind":"plain","required":true}},"description":"Supervisor Namespace VM Classes","description_kind":"plain"}},"zones_class_config_overrides":{"nesting_mode":"set","block":{"attributes":{"cpu_limit":{"type":"string","description":"CPU limit (format: `\u003cnumber\u003e\u003cunit\u003e`, where `\u003cunit\u003e` can be `M` or `G`)","description_kind":"plain","required":true},"cpu_reservation":{"type":"string","description":"CPU reservation (format: `\u003cnumber\u003e\u003cunit\u003e`, where `\u003cunit\u003e` can be `M` or `G`)","description_kind":"plain","required":true},"memory_limit":{"type":"string","description":"Memory limit (format: `\u003cnumber\u003e\u003cunit\u003e`, where `\u003cunit\u003e` can be `Mi`, `Gi`, or `Ti`)","description_kind":"plain","required":true},"memory_reservation":{"type":"string","description":"Memory reservation (format: `\u003cnumber\u003e\u003cunit\u003e`, where `\u003cunit\u003e` can be `Mi`, `Gi`, or `Ti`)","description_kind":"plain","required":true},"name":{"type":"string","description":"Name of the Zone","description_kind":"plain","required":true}},"description":"Class Config Overrides for Zones","description_kind":"plain"}},"zones_initial_class_config_overrides":{"nesting_mode":"set","block":{"attributes":{"cpu_limit":{"type":"string","description":"CPU limit (format: `\u003cnumber\u003e\u003cunit\u003e`, where `\u003cunit\u003e` can be `M` or `G`)","description_kind":"plain","required":true},"cpu_reservation":{"type":"string","description":"CPU reservation (format: `\u003cnumber\u003e\u003cunit\u003e`, where `\u003cunit\u003e` can be `M` or `G`)","description_kind":"plain","required":true},"memory_limit":{"type":"string","description":"Memory limit (format: `\u003cnumber\u003e\u003cunit\u003e`, where `\u003cunit\u003e` can be `Mi`, `Gi`, or `Ti`)","description_kind":"plain","required":true},"memory_reservation":{"type":"string","description":"Memory reservation (format: `\u003cnumber\u003e\u003cunit\u003e`, where `\u003cunit\u003e` can be `Mi`, `Gi`, or `Ti`)","description_kind":"plain","required":true},"name":{"type":"string","description":"Name of the Zone","description_kind":"plain","required":true}},"description":"Initial Class Config Overrides for Zones","description_kind":"plain","deprecated":true}}},"description_kind":"plain"}},"vcfa_vcenter":{"version":0,"block":{"attributes":{"auto_trust_certificate":{"type":"bool","description":"Defines if the vCenter Server certificate should automatically be trusted","description_kind":"plain","required":true},"cluster_health_status":{"type":"string","description":"Mode of vCenter Server","description_kind":"plain","computed":true},"connection_status":{"type":"string","description":"Listener state of vCenter Server","description_kind":"plain","computed":true},"description":{"type":"string","description":"Description of vCenter Server","description_kind":"plain","optional":true},"has_proxy":{"type":"bool","description":"A flag that shows if vCenter Server has proxy defined","description_kind":"plain","computed":true},"id":{"type":"string","description_kind":"plain","optional":true,"computed":true},"is_connected":{"type":"bool","description":"A flag that shows if vCenter Server is connected","description_kind":"plain","computed":true},"is_enabled":{"type":"bool","description":"Should the vCenter Server be enabled","description_kind":"plain","optional":true},"mode":{"type":"string","description":"Mode of vCenter Server","description_kind":"plain","computed":true},"name":{"type":"string","description":"Name of vCenter Server","description_kind":"plain","required":true},"nsx_manager_id":{"type":"string","description":"NSX Manager ID that this vCenter Server uses","description_kind":"plain","required":true},"password":{"type":"string","description":"Password of vCenter Server","description_kind":"plain","required":true,"sensitive":true},"refresh_policies_on_create":{"type":"bool","description":"Defines if the vCenter Server should refresh Policies after creation","description_kind":"plain","optional":true},"refresh_policies_on_read":{"type":"bool","description":"Defines if the vCenter Server should refresh Policies on every read operation","description_kind":"plain","optional":true},"refresh_vcenter_on_create":{"type":"bool","description":"Defines if the vCenter Server should be refreshed after creation","description_kind":"plain","optional":true},"refresh_vcenter_on_read":{"type":"bool","description":"Defines if the vCenter Server should be refreshed on every read operation","description_kind":"plain","optional":true},"status":{"type":"string","description":"vCenter status","description_kind":"plain","computed":true},"url":{"type":"string","description":"URL including port of vCenter Server","description_kind":"plain","required":true},"username":{"type":"string","description":"Username of vCenter Server","description_kind":"plain","required":true},"uuid":{"type":"string","description":"vCenter Server UUID","description_kind":"plain","computed":true},"vcenter_host":{"type":"string","description":"vCenter Server hostname","description_kind":"plain","computed":true},"vcenter_version":{"type":"string","description":"Version of vCenter Server","description_kind":"plain","computed":true}},"description_kind":"plain"}}},"data_source_schemas":{"vcfa_certificate":{"version":0,"block":{"attributes":{"alias":{"type":"string","description":"Alias of the Certificate","description_kind":"plain","optional":true,"computed":true},"certificate":{"type":"string","description":"Certificate content","description_kind":"plain","optional":true,"computed":true},"description":{"type":"string","description":"Certificate description","description_kind":"plain","optional":true,"computed":true},"id":{"type":"string","description":"Certificate ID","description_kind":"plain","optional":true,"computed":true},"org_id":{"type":"string","description":"The ID of Organization to use","description_kind":"plain","required":true}},"description_kind":"plain"}},"vcfa_content_library":{"version":0,"block":{"attributes":{"all_projects_permission":{"type":"string","description":"Permissions to apply to all projects in the Organization for this Content Library. Can be 'READ_ONLY' or 'READ_WRITE'","description_kind":"plain","computed":true},"auto_attach":{"type":"bool","description":"For Tenant Content Libraries this field represents whether this Content Library should be automatically attached to all current and future namespaces in the tenant organization","description_kind":"plain","computed":true},"creation_date":{"type":"string","description":"The ISO-8601 timestamp representing when this Content Library was created","description_kind":"plain","computed":true},"description":{"type":"string","description":"The description of the Content Library","description_kind":"plain","computed":true},"id":{"type":"string","description_kind":"plain","optional":true,"computed":true},"is_project_scoped":{"type":"bool","description":"Whether this Content Library is scoped to specific projects in the Organization","description_kind":"plain","computed":true},"is_shared":{"type":"bool","description":"Whether this Content Library is shared with other Organizations","description_kind":"plain","computed":true},"is_subscribed":{"type":"bool","description":"Whether this Content Library is subscribed from an external published library","description_kind":"plain","computed":true},"library_type":{"type":"string","description":"The type of Content Library, can be either PROVIDER (Content Library that is scoped to a provider) or TENANT (Content Library that is scoped to a tenant organization)","description_kind":"plain","computed":true},"name":{"type":"string","description":"The name of the Content Library","description_kind":"plain","required":true},"org_id":{"type":"string","description":"The reference to the Organization that the Content Library belongs to","description_kind":"plain","required":true},"project_permissions":{"type":["set",["object",{"permissions":"string","project_id":"string","project_name":"string"}]],"description":"A set of project permissions for this Content Library","description_kind":"plain","computed":true},"status":{"type":"string","description":"Status of this Content Library. Can be 'READY', 'NOT_READY', 'FAILED' or 'PARTIALLY_READY'","description_kind":"plain","computed":true},"storage_class_ids":{"type":["set","string"],"description":"A set of Storage Class IDs used by this Content Library","description_kind":"plain","computed":true},"subscription_config":{"type":["list",["object",{"subscription_url":"string"}]],"description":"A block representing subscription settings of a Content Library","description_kind":"plain","computed":true},"version_number":{"type":"number","description":"Version number of this Content Library","description_kind":"plain","computed":true}},"description_kind":"plain"}},"vcfa_content_library_item":{"version":0,"block":{"attributes":{"content_library_id":{"type":"string","description":"ID of the Content Library that this Content Library Item belongs to","description_kind":"plain","required":true},"creation_date":{"type":"string","description":"The ISO-8601 timestamp representing when this Content Library Item was created","description_kind":"plain","computed":true},"description":{"type":"string","description":"The description of the Content Library Item","description_kind":"plain","computed":true},"id":{"type":"string","description_kind":"plain","optional":true,"computed":true},"image_identifier":{"type":"string","description":"Virtual Machine Identifier (VMI) of the Content Library Item. This is a read only field","description_kind":"plain","computed":true},"is_published":{"type":"bool","description":"Whether this Content Library Item is published","description_kind":"plain","computed":true},"is_subscribed":{"type":"bool","description":"Whether this Content Library Item is subscribed","description_kind":"plain","computed":true},"item_type":{"type":"string","description":"The type of Content Library Item","description_kind":"plain","computed":true},"last_successful_sync":{"type":"string","description":"The ISO-8601 timestamp representing when this Content Library Item was last synced if subscribed","description_kind":"plain","computed":true},"name":{"type":"string","description":"Name of the Content Library Item","description_kind":"plain","required":true},"owner_org_id":{"type":"string","description":"The reference to the Organization that the Content Library Item belongs to","description_kind":"plain","computed":true},"status":{"type":"string","description":"Status of this Content Library Item","description_kind":"plain","computed":true},"version":{"type":"number","description":"The version of this Content Library Item. For a subscribed library, this version is same as in publisher library","description_kind":"plain","computed":true}},"description_kind":"plain"}},"vcfa_distributed_vlan_connection":{"version":0,"block":{"attributes":{"backing_id":{"type":"string","description":"ID for the matching Distributed Vlan Connection in NSX","description_kind":"plain","computed":true},"description":{"type":"string","description":"Description of Distributed Vlan Connection","description_kind":"plain","computed":true},"gateway_cidr":{"type":"string","description":"The gateway CIDR for the Distributed Vlan Connection","description_kind":"plain","computed":true},"id":{"type":"string","description_kind":"plain","optional":true,"computed":true},"ip_space_id":{"type":"string","description":"Reference to an IP Block that is used for the external connection for this Distributed Vlan Connection","description_kind":"plain","computed":true},"name":{"type":"string","description":"Name of Distributed Vlan Connection","description_kind":"plain","required":true},"region_id":{"type":"string","description":"Region ID for this Distributed Vlan Connection","description_kind":"plain","required":true},"status":{"type":"string","description":"Status of Distributed Vlan Connection","description_kind":"plain","computed":true},"subnet_exclusive":{"type":"bool","description":"Whether this Distributed Vlan Connection is exclusively for the gateway CIDR only","description_kind":"plain","computed":true},"vlan_id":{"type":"number","description":"The VLAN ID for the external traffic","description_kind":"plain","computed":true},"zone_ids":{"type":["set","string"],"description":"The supervisor zones this Distributed Vlan Connection spans","description_kind":"plain","computed":true}},"description_kind":"plain"}},"vcfa_edge_cluster":{"version":0,"block":{"attributes":{"average_cpu_usage_percentage":{"type":"number","description":"Average CPU Usage percentage of Edge Cluster ","description_kind":"plain","computed":true},"average_memory_usage_percentage":{"type":"number","description":"Average Memory Usage percentage of Edge Cluster ","description_kind":"plain","computed":true},"deployment_type":{"type":"string","description":"Deployment type of Edge Cluster","description_kind":"plain","computed":true},"health_status":{"type":"string","description":"Health status of Edge Cluster","description_kind":"plain","computed":true},"id":{"type":"string","description_kind":"plain","optional":true,"computed":true},"name":{"type":"string","description":"Name Edge Cluster","description_kind":"plain","required":true},"node_count":{"type":"number","description":"Node count in Edge Cluster","description_kind":"plain","computed":true},"org_count":{"type":"number","description":"Org count Edge Cluster","description_kind":"plain","computed":true},"region_id":{"type":"string","description":"Region ID of  Edge Cluster","description_kind":"plain","required":true},"status":{"type":"string","description":"Status of Edge Cluster","description_kind":"plain","computed":true},"sync_before_read":{"type":"bool","description":"Will trigger SYNC operation before looking for a given Edge Cluster","description_kind":"plain","optional":true},"vpc_count":{"type":"number","description":"VPC count Edge Cluster","description_kind":"plain","computed":true}},"description_kind":"plain"}},"vcfa_edge_cluster_qos":{"version":0,"block":{"attributes":{"edge_cluster_id":{"type":"string","description":"ID of Edge Cluster","description_kind":"plain","required":true},"egress_burst_size_bytes":{"type":"string","description":"Egress burst size bytes for Edge Cluster","description_kind":"plain","computed":true},"egress_committed_bandwidth_mbps":{"type":"string","description":"Egress committed bandwidth in Mbps for Edge Cluster","description_kind":"plain","computed":true},"id":{"type":"string","description_kind":"plain","optional":true,"computed":true},"ingress_burst_size_bytes":{"type":"string","description":"Ingress burst size bytes for Edge Cluster","description_kind":"plain","computed":true},"ingress_committed_bandwidth_mbps":{"type":"string","description":"Ingress committed bandwidth in Mbps for Edge Cluster","description_kind":"plain","computed":true},"region_id":{"type":"string","description":"Region ID of  Edge Cluster","description_kind":"plain","computed":true}},"description_kind":"plain"}},"vcfa_global_role":{"version":0,"block":{"attributes":{"bundle_key":{"type":"string","description":"Key used for internationalization","description_kind":"plain","computed":true},"description":{"type":"string","description":"Global Role description","description_kind":"plain","computed":true},"id":{"type":"string","description_kind":"plain","optional":true,"computed":true},"name":{"type":"string","description":"Name of the Global Role","description_kind":"plain","required":true},"org_ids":{"type":["set","string"],"description":"List of IDs of Organizations to which this Global Role is published","description_kind":"plain","computed":true},"publish_to_all_orgs":{"type":"bool","description":"When true, publishes the Global Role to all Organizations","description_kind":"plain","computed":true},"read_only":{"type":"bool","description":"Whether this Global Role is read-only","description_kind":"plain","computed":true},"rights":{"type":["set","string"],"description":"List of Rights assigned to this Global Role","description_kind":"plain","computed":true}},"description_kind":"plain"}},"vcfa_ip_space":{"version":0,"block":{"attributes":{"backing_id":{"type":"string","description":"ID for the matching IP Block in NSX","description_kind":"plain","computed":true},"cidr_blocks":{"type":["set",["object",{"cidr":"string","id":"string","name":"string"}]],"description":"CIDR blocks of IP Space. Along with 'ip_address_ranges' typically defines the span of IP addresses used within a Data Center","description_kind":"plain","computed":true},"default_quota_max_cidr_count":{"type":"string","description":"Maximum number of subnets that can be allocated from internal scope in this IP Space. ('-1' for unlimited)","description_kind":"plain","computed":true},"default_quota_max_ip_count":{"type":"string","description":"Maximum number of single floating IP addresses that can be allocated from internal scope in this IP Space. ('-1' for unlimited)","description_kind":"plain","computed":true},"default_quota_max_subnet_size":{"type":"string","description":"Maximum subnet size represented as a prefix length (e.g. 24, 28) in IP Space","description_kind":"plain","computed":true},"description":{"type":"string","description":"Description of IP Space","description_kind":"plain","computed":true},"external_scope":{"type":"string","description":"External scope in CIDR format","description_kind":"plain","deprecated":true,"computed":true},"id":{"type":"string","description_kind":"plain","optional":true,"computed":true},"internal_scope":{"type":["set",["object",{"cidr":"string","id":"string","name":"string"}]],"description":"Internal scope of IP Space. Along with 'ip_address_ranges' typically defines the span of IP addresses used within a Data Center","description_kind":"plain","deprecated":true,"computed":true},"ip_address_ranges":{"type":["set",["object",{"end_ip_address":"string","id":"string","start_ip_address":"string"}]],"description":"IP address ranges of IP Space. Along with 'cidr_blocks' typically defines the span of IP addresses used within a Data Center","description_kind":"plain","computed":true},"is_imported_ip_block":{"type":"bool","description":"Indicates if the IP Block is imported from an existing NSX IP Block","description_kind":"plain","computed":true},"name":{"type":"string","description":"Name of IP Space","description_kind":"plain","required":true},"provider_visibility_only":{"type":"bool","description":"If set to true, the IP Space details will be hidden from organizations","description_kind":"plain","computed":true},"region_id":{"type":"string","description":"Region ID for this IP Space","description_kind":"plain","required":true},"reserved_ip_address_ranges":{"type":["set",["object",{"end_ip_address":"string","id":"string","start_ip_address":"string"}]],"description":"IP addresses that will not be considered for IP allocation within IP Space","description_kind":"plain","computed":true},"status":{"type":"string","description":"Status of IP Space","description_kind":"plain","computed":true},"subnet_exclusive":{"type":"bool","description":"Whether this IP Block is exclusively for a single CIDR","description_kind":"plain","computed":true}},"description_kind":"plain"}},"vcfa_kubeconfig":{"version":0,"block":{"attributes":{"context_name":{"type":"string","description":"Name of the generated context","description_kind":"plain","computed":true},"host":{"type":"string","description":"Hostname of the Kubernetes cluster","description_kind":"plain","computed":true},"id":{"type":"string","description_kind":"plain","optional":true,"computed":true},"insecure_skip_tls_verify":{"type":"bool","description":"Whether to skip TLS verification when connecting to the Kubernetes cluster","description_kind":"plain","computed":true},"kube_config_raw":{"type":"string","description":"Raw kubeconfig","description_kind":"plain","computed":true,"sensitive":true},"project_name":{"type":"string","description":"The name of the Project where the Supervisor Namespace belongs to","description_kind":"plain","optional":true},"supervisor_namespace_name":{"type":"string","description":"The name of the Supervisor Namespace to retrieve the kubeconfig for","description_kind":"plain","optional":true},"token":{"type":"string","description":"Bearer token for authentication to the Kubernetes cluster","description_kind":"plain","computed":true,"sensitive":true},"user":{"type":"string","description":"Bearer token username","description_kind":"plain","computed":true}},"description_kind":"plain"}},"vcfa_nsx_manager":{"version":0,"block":{"attributes":{"active":{"type":"bool","description":"Indicates whether the NSX Manager can or cannot be used to manage networking constructs within VCFA","description_kind":"plain","computed":true},"cluster_id":{"type":"string","description":"Cluster ID of the NSX Manager. Each NSX installation has a single cluster. This is not a VCFA URN","description_kind":"plain","computed":true},"description":{"type":"string","description":"Description of NSX Manager","description_kind":"plain","computed":true},"href":{"type":"string","description":"HREF of NSX Manager","description_kind":"plain","computed":true},"id":{"type":"string","description_kind":"plain","optional":true,"computed":true},"is_dedicated_for_classic_tenants":{"type":"bool","description":"Whether this NSX Manager is dedicated for legacy VRA-style tenants only and unable to participate in modern constructs such as Regions and Zones. Legacy VRA-style is deprecated and this field exists for the purpose of VRA backwards compatibility only","description_kind":"plain","computed":true},"name":{"type":"string","description":"Name of NSX Manager","description_kind":"plain","required":true},"status":{"type":"string","description":"Status of NSX Manager","description_kind":"plain","computed":true},"url":{"type":"string","description":"URL of NSX Manager","description_kind":"plain","computed":true},"username":{"type":"string","description":"Username for authenticating to NSX Manager","description_kind":"plain","computed":true}},"description_kind":"plain"}},"vcfa_org":{"version":0,"block":{"attributes":{"can_publish":{"type":"bool","description":"Defines whether the Organization can publish catalogs externally","description_kind":"plain","computed":true},"catalog_count":{"type":"number","description":"Number of catalog belonging to the Organization","description_kind":"plain","computed":true},"description":{"type":"string","description":"Description","description_kind":"plain","computed":true},"directly_managed_org_count":{"type":"number","description":"Number of directly managed Organizations","description_kind":"plain","computed":true},"disk_count":{"type":"number","description":"Number of disks in the Organization","description_kind":"plain","computed":true},"display_name":{"type":"string","description":"Appears in the Cloud application as a human-readable name of the Organization","description_kind":"plain","computed":true},"id":{"type":"string","description_kind":"plain","optional":true,"computed":true},"is_classic_tenant":{"type":"bool","description":"Defines whether the Organization is a classic VRA-style tenant","description_kind":"plain","computed":true},"is_enabled":{"type":"bool","description":"Defines if the Organization enabled","description_kind":"plain","computed":true},"managed_by_id":{"type":"string","description":"Organization owner ID","description_kind":"plain","computed":true},"managed_by_name":{"type":"string","description":"Organization owner Name","description_kind":"plain","computed":true},"name":{"type":"string","description":"The unique identifier in the full URL with which users log in to this Organization","description_kind":"plain","required":true},"org_region_quota_count":{"type":"number","description":"Number of Org Region Quotas belonging to the Organization","description_kind":"plain","computed":true},"running_vm_count":{"type":"number","description":"Number of running VMs in the Organization","description_kind":"plain","computed":true},"user_count":{"type":"number","description":"Number of users in the Organization","description_kind":"plain","computed":true},"vapp_count":{"type":"number","description":"Number of vApps belonging to the Organization","description_kind":"plain","computed":true}},"description_kind":"plain"}},"vcfa_org_ldap":{"version":0,"block":{"attributes":{"custom_settings":{"type":["list",["object",{"base_distinguished_name":"string","connector_type":"string","custom_ui_button_label":"string","group_attributes":["list",["object",{"group_back_link_identifier":"string","group_membership_identifier":"string","membership":"string","name":"string","object_class":"string","unique_identifier":"string"}]],"is_ssl":"bool","port":"number","server":"string","user_attributes":["list",["object",{"display_name":"string","email":"string","given_name":"string","group_back_link_identifier":"string","group_membership_identifier":"string","object_class":"string","surname":"string","telephone":"string","unique_identifier":"string","username":"string"}]],"username":"string"}]],"description":"Custom settings when `ldap_mode` is CUSTOM","description_kind":"plain","computed":true},"custom_user_ou":{"type":"string","description":"If ldap_mode is SYSTEM, specifies a LDAP attribute=value pair to use for OU (organizational unit)","description_kind":"plain","computed":true},"id":{"type":"string","description_kind":"plain","optional":true,"computed":true},"ldap_mode":{"type":"string","description":"Type of LDAP settings (one of NONE, SYSTEM, CUSTOM)","description_kind":"plain","computed":true},"org_id":{"type":"string","description":"Organization ID","description_kind":"plain","required":true}},"description_kind":"plain"}},"vcfa_org_local_user":{"version":0,"block":{"attributes":{"id":{"type":"string","description_kind":"plain","optional":true,"computed":true},"org_id":{"type":"string","description":"Parent Organization ID for Org Local User","description_kind":"plain","required":true},"role_ids":{"type":["set","string"],"description":"Roles to use for Org Local User","description_kind":"plain","computed":true},"username":{"type":"string","description":"Org Local User User Name","description_kind":"plain","required":true}},"description_kind":"plain"}},"vcfa_org_networking":{"version":0,"block":{"attributes":{"id":{"type":"string","description_kind":"plain","optional":true,"computed":true},"log_name":{"type":"string","description":"A globally unique identifier (max 8 char) for this Organization in the logs of the backing network provider","description_kind":"plain","computed":true},"networking_tenancy_enabled":{"type":"bool","description":"Whether this Organization has tenancy for the network domain in the backing network provider","description_kind":"plain","computed":true},"org_id":{"type":"string","description":"Parent Organization for Organization Networking Settings","description_kind":"plain","required":true}},"description_kind":"plain"}},"vcfa_org_oidc":{"version":0,"block":{"attributes":{"access_token_endpoint":{"type":"string","description":"The access token endpoint of the OpenID Connect Identity Provider","description_kind":"plain","computed":true},"claims_mapping":{"type":["list",["object",{"email":"string","first_name":"string","full_name":"string","groups":"string","last_name":"string","roles":"string","subject":"string"}]],"description":"A single configuration block that contains the claim mappings used with the OpenID Connect provider","description_kind":"plain","computed":true},"client_id":{"type":"string","description":"Client ID used when talking to the OpenID Connect Identity Provider","description_kind":"plain","computed":true},"client_secret":{"type":"string","description":"Client Secret used when talking to the OpenID Connect Identity Provider","description_kind":"plain","computed":true,"sensitive":true},"enabled":{"type":"bool","description":"Whether Organization authentication for the specified OpenID Connect is enabled or disabled","description_kind":"plain","computed":true},"id":{"type":"string","description_kind":"plain","optional":true,"computed":true},"issuer_id":{"type":"string","description":"The issuer identifier of the OpenID Connect Identity Provider","description_kind":"plain","computed":true},"key":{"type":["set",["object",{"algorithm":"string","certificate":"string","expiration_date":"string","id":"string"}]],"description":"One or more configuration blocks that contain the keys used with the OpenID Connect Identity Provider","description_kind":"plain","computed":true},"key_expire_duration_hours":{"type":"number","description":"The expiration period of the key, only available if 'key_refresh_strategy=EXPIRE_AFTER'","description_kind":"plain","computed":true},"key_refresh_endpoint":{"type":"string","description":"Endpoint used to refresh the keys","description_kind":"plain","computed":true},"key_refresh_period_hours":{"type":"number","description":"The frequency of key refresh","description_kind":"plain","computed":true},"key_refresh_strategy":{"type":"string","description":"Defines the strategy of key refresh","description_kind":"plain","computed":true},"max_clock_skew_seconds":{"type":"number","description":"The maximum clock skew is the maximum allowable time difference between the client and server","description_kind":"plain","computed":true},"org_id":{"type":"string","description":"Organization ID that has the OpenID Connect settings","description_kind":"plain","required":true},"prefer_id_token":{"type":"bool","description":"Whether the claims from 'userinfo_endpoint' and the ID Token are combined (true) or not (false)","description_kind":"plain","computed":true},"redirect_uri":{"type":"string","description":"Redirect URI for this org","description_kind":"plain","computed":true},"scopes":{"type":["set","string"],"description":"A set of scopes used with the OpenID Connect provider","description_kind":"plain","computed":true},"ui_button_label":{"type":"string","description":"The label of the UI button of the login screen","description_kind":"plain","computed":true},"user_authorization_endpoint":{"type":"string","description":"The user authorization endpoint of the OpenID Connect Identity Provider","description_kind":"plain","computed":true},"userinfo_endpoint":{"type":"string","description":"The user info endpoint of the OpenID Connect Identity Provider","description_kind":"plain","computed":true},"wellknown_endpoint":{"type":"string","description":"Endpoint from the OpenID Connect Identity Provider that serves all the configuration values","description_kind":"plain","computed":true}},"description_kind":"plain"}},"vcfa_org_region_quota":{"version":0,"block":{"attributes":{"description":{"type":"string","description":"Description of the Org Region Quota","description_kind":"plain","computed":true},"id":{"type":"string","description_kind":"plain","optional":true,"computed":true},"name":{"type":"string","description":"Name of the Org Region Quota","description_kind":"plain","computed":true},"org_id":{"type":"string","description":"Parent Organization ID","description_kind":"plain","required":true},"region_id":{"type":"string","description":"Parent Region ID","description_kind":"plain","required":true},"region_storage_policy":{"type":["set",["object",{"id":"string","name":"string","region_storage_policy_id":"string","storage_limit_mib":"number","storage_used_mib":"number"}]],"description":"A set of Region Storage Policy assigned to this Org Region Quota","description_kind":"plain","computed":true},"region_vm_class_ids":{"type":["set","string"],"description":"A set of Region VM Class IDs assigned to this Org Region Quota","description_kind":"plain","computed":true},"status":{"type":"string","description":"Org Region Quota status","description_kind":"plain","computed":true},"supervisor_ids":{"type":["set","string"],"description":"A set of Supervisor IDs that back this Org Region Quota","description_kind":"plain","computed":true},"zone_resource_allocations":{"type":["set",["object",{"cpu_limit_mhz":"number","cpu_reservation_mhz":"number","memory_limit_mib":"number","memory_reservation_mib":"number","region_zone_id":"string","region_zone_name":"string"}]],"description":"A set of Region Zones and their resource allocations","description_kind":"plain","computed":true}},"description_kind":"plain"}},"vcfa_org_regional_networking":{"version":0,"block":{"attributes":{"edge_cluster_id":{"type":"string","description":"Backing Edge Cluster ID for Org Regional Networking. Will be autoselected if not specified.","description_kind":"plain","computed":true},"id":{"type":"string","description_kind":"plain","optional":true,"computed":true},"name":{"type":"string","description":"Name of Org Regional Networking","description_kind":"plain","required":true},"org_id":{"type":"string","description":"Parent Organization ID for Org Regional Networking","description_kind":"plain","required":true},"provider_gateway_id":{"type":"string","description":"Parent Provider Gateway ID for Org Regional Networking","description_kind":"plain","computed":true},"region_id":{"type":"string","description":"Parent Region ID for Org Regional Networking","description_kind":"plain","computed":true},"status":{"type":"string","description":"Status of Org Regional Networking","description_kind":"plain","computed":true}},"description_kind":"plain"}},"vcfa_org_regional_networking_vpc_qos":{"version":0,"block":{"attributes":{"edge_cluster_id":{"type":"string","description":"ID of parent Edge Cluster","description_kind":"plain","computed":true},"egress_burst_size_bytes":{"type":"string","description":"Ingress burst size bytes for Regional Networking VPC Connectivity Profile QoS","description_kind":"plain","computed":true},"egress_committed_bandwidth_mbps":{"type":"string","description":"Egress committed bandwidth in Mbps for Regional Networking VPC Connectivity Profile QoS","description_kind":"plain","computed":true},"id":{"type":"string","description_kind":"plain","optional":true,"computed":true},"ingress_burst_size_bytes":{"type":"string","description":"Ingress burst size bytes for Regional Networking VPC Connectivity Profile QoS","description_kind":"plain","computed":true},"ingress_committed_bandwidth_mbps":{"type":"string","description":"Ingress committed bandwidth in Mbps for Regional Networking VPC Connectivity Profile QoS","description_kind":"plain","computed":true},"org_regional_networking_id":{"type":"string","description":"ID of Org Regional Networking","description_kind":"plain","required":true}},"description_kind":"plain"}},"vcfa_org_settings":{"version":0,"block":{"attributes":{"can_create_subscribed_libraries":{"type":"bool","description":"Whether the Organization can create content libraries that are subscribed to external sources","description_kind":"plain","computed":true},"can_subscribe_to_third_party_libraries":{"type":"bool","description":"Whether the Organization can create content libraries that are subscribed to official third-party sources","description_kind":"plain","computed":true},"id":{"type":"string","description_kind":"plain","optional":true,"computed":true},"org_id":{"type":"string","description":"Parent Organization for Organization Settings","description_kind":"plain","required":true},"quarantine_content_library_items":{"type":"bool","description":"Whether to quarantine new Content Library Items for file inspection","description_kind":"plain","computed":true}},"description_kind":"plain"}},"vcfa_provider_gateway":{"version":0,"block":{"attributes":{"allow_advertising_private_ip_blocks":{"type":"bool","description":"Allows the Provider Gateway to advertise their own private IP Blocks","description_kind":"plain","computed":true},"description":{"type":"string","description":"Description of Provider Gateway","description_kind":"plain","computed":true},"gateway_connection_backing_id":{"type":"string","description":"The ID of the associated Gateway Connection in NSX, if any","description_kind":"plain","computed":true},"id":{"type":"string","description_kind":"plain","optional":true,"computed":true},"inbound_remote_networks":{"type":["set","string"],"description":"The total span of IP addresses to which the Provider Gateway has access","description_kind":"plain","computed":true},"ip_space_ids":{"type":["set","string"],"description":"A set of IP Space IDs used in this Provider Gateway","description_kind":"plain","computed":true},"name":{"type":"string","description":"Name of Provider Gateway","description_kind":"plain","required":true},"nat_config_enabled":{"type":"bool","description":"Whether the Outbound NAT is enabled for the Provider Gateway","description_kind":"plain","computed":true},"nat_config_ip_space_id":{"type":"string","description":"IP Space used to configure Outbound NAT","description_kind":"plain","computed":true},"nat_config_logging":{"type":"bool","description":"Whether logging is enabled for the Outbound NAT configuration","description_kind":"plain","computed":true},"region_id":{"type":"string","description":"Parent Region of Provider Gateway","description_kind":"plain","required":true},"status":{"type":"string","description":"Status of Provider Gateway","description_kind":"plain","computed":true},"tier0_gateway_id":{"type":"string","description":"Parent Tier-0 Gateway of Provider Gateway","description_kind":"plain","computed":true}},"description_kind":"plain"}},"vcfa_provider_ldap":{"version":0,"block":{"attributes":{"base_distinguished_name":{"type":"string","description":"LDAP search base","description_kind":"plain","computed":true},"connector_type":{"type":"string","description":"Type of connector: one of OPEN_LDAP, ACTIVE_DIRECTORY","description_kind":"plain","computed":true},"custom_ui_button_label":{"type":"string","description":"If you provide a custom button label, on the login screen, the custom label replaces the default label for this identity provider","description_kind":"plain","computed":true},"group_attributes":{"type":["list",["object",{"group_back_link_identifier":"string","group_membership_identifier":"string","membership":"string","name":"string","object_class":"string","unique_identifier":"string"}]],"description":"Group settings when `ldap_mode` is CUSTOM","description_kind":"plain","computed":true},"id":{"type":"string","description_kind":"plain","optional":true,"computed":true},"is_ssl":{"type":"bool","description":"True if the LDAP service requires an SSL connection","description_kind":"plain","computed":true},"port":{"type":"number","description":"Port number for LDAP service","description_kind":"plain","computed":true},"server":{"type":"string","description":"host name or IP of the LDAP server","description_kind":"plain","computed":true},"user_attributes":{"type":["list",["object",{"display_name":"string","email":"string","given_name":"string","group_back_link_identifier":"string","group_membership_identifier":"string","object_class":"string","surname":"string","telephone":"string","unique_identifier":"string","username":"string"}]],"description":"LDAP user attributes","description_kind":"plain","computed":true},"username":{"type":"string","description":"Username to use when logging in to LDAP, specified using LDAP attribute=value pairs (for example: cn=\"ldap-admin\", c=\"example\", dc=\"com\")","description_kind":"plain","computed":true}},"description_kind":"plain"}},"vcfa_region":{"version":0,"block":{"attributes":{"cpu_capacity_mhz":{"type":"number","description":"CPU Capacity in MHz","description_kind":"plain","computed":true},"cpu_reservation_capacity_mhz":{"type":"number","description":"CPU reservation in MHz","description_kind":"plain","computed":true},"description":{"type":"string","description":"Region description","description_kind":"plain","computed":true},"id":{"type":"string","description_kind":"plain","optional":true,"computed":true},"memory_capacity_mib":{"type":"number","description":"Memory capacity in MiB","description_kind":"plain","computed":true},"memory_reservation_capacity_mib":{"type":"number","description":"Memory reservation in MiB","description_kind":"plain","computed":true},"name":{"type":"string","description":"Region name","description_kind":"plain","required":true},"nsx_manager_id":{"type":"string","description":"NSX Manager ID","description_kind":"plain","computed":true},"status":{"type":"string","description":"Status of the Region","description_kind":"plain","computed":true},"storage_policy_names":{"type":["set","string"],"description":"A set of storage policies","description_kind":"plain","computed":true},"supervisor_ids":{"type":["set","string"],"description":"A set of supervisor IDs used in this Region","description_kind":"plain","computed":true}},"description_kind":"plain"}},"vcfa_region_storage_policy":{"version":0,"block":{"attributes":{"description":{"type":"string","description":"Description of the Region Storage Policy","description_kind":"plain","computed":true},"id":{"type":"string","description_kind":"plain","optional":true,"computed":true},"name":{"type":"string","description":"Region Storage Policy name","description_kind":"plain","required":true},"region_id":{"type":"string","description":"The Region that this Region Storage Policy belongs to","description_kind":"plain","required":true},"status":{"type":"string","description":"The creation status of the Region Storage Policy. Can be [NOT_READY, READY]","description_kind":"plain","computed":true},"storage_capacity_mb":{"type":"number","description":"Storage capacity in megabytes for this Region Storage Policy","description_kind":"plain","computed":true},"storage_consumed_mb":{"type":"number","description":"Consumed storage in megabytes for this Region Storage Policy","description_kind":"plain","computed":true}},"description_kind":"plain"}},"vcfa_region_vm_class":{"version":0,"block":{"attributes":{"cpu_count":{"type":"number","description":"Number of CPUs that a Virtual Machine gets when this Region VM Class is applied","description_kind":"plain","computed":true},"cpu_reservation_mhz":{"type":"number","description":"CPU that a Virtual Machine reserves when this Region VM Class is applied","description_kind":"plain","computed":true},"id":{"type":"string","description_kind":"plain","optional":true,"computed":true},"memory_mib":{"type":"number","description":"Memory in MiB that a Virtual Machine gets when this Region VM Class is applied","description_kind":"plain","computed":true},"memory_reservation_mib":{"type":"number","description":"Memory in MiB that a Virtual Machine reserves when this Region VM Class is applied","description_kind":"plain","computed":true},"name":{"type":"string","description":"The name of the Region VM Class","description_kind":"plain","required":true},"region_id":{"type":"string","description":"The ID of the Region that owns the Region VM Class","description_kind":"plain","required":true},"reserved":{"type":"bool","description":"Whether this Region VM Class can be used to reserve number of its instances within a namespace","description_kind":"plain","computed":true}},"description_kind":"plain"}},"vcfa_region_zone":{"version":0,"block":{"attributes":{"cpu_limit_mhz":{"type":"number","description":"CPU limit in MHz","description_kind":"plain","computed":true},"cpu_reservation_mhz":{"type":"number","description":"CPU reservation in MHz","description_kind":"plain","computed":true},"cpu_reservation_used_mhz":{"type":"number","description":"CPU reservation in MHz","description_kind":"plain","computed":true},"id":{"type":"string","description_kind":"plain","optional":true,"computed":true},"memory_limit_mib":{"type":"number","description":"Memory limit in MiB","description_kind":"plain","computed":true},"memory_reservation_mib":{"type":"number","description":"Memory reservation in MiB","description_kind":"plain","computed":true},"memory_reservation_used_mib":{"type":"number","description":"Memory reservation in MiB","description_kind":"plain","computed":true},"name":{"type":"string","description":"Name of Region Zone","description_kind":"plain","required":true},"region_id":{"type":"string","description":"Parent Region ID for Region Zone","description_kind":"plain","required":true}},"description_kind":"plain"}},"vcfa_right":{"version":0,"block":{"attributes":{"bundle_key":{"type":"string","description":"Key used for internationalization","description_kind":"plain","computed":true},"category_id":{"type":"string","description":"ID of the category for this Right","description_kind":"plain","computed":true},"description":{"type":"string","description":"Right description","description_kind":"plain","computed":true},"id":{"type":"string","description_kind":"plain","optional":true,"computed":true},"implied_rights":{"type":["set",["object",{"id":"string","name":"string"}]],"description":"List of Rights that are implied with this one","description_kind":"plain","computed":true},"name":{"type":"string","description":"Name of Right","description_kind":"plain","required":true},"right_type":{"type":"string","description":"Type of the Right","description_kind":"plain","computed":true}},"description_kind":"plain"}},"vcfa_rights_bundle":{"version":0,"block":{"attributes":{"bundle_key":{"type":"string","description":"Key used for internationalization","description_kind":"plain","computed":true},"description":{"type":"string","description":"Rights Bundle description","description_kind":"plain","computed":true},"id":{"type":"string","description_kind":"plain","optional":true,"computed":true},"name":{"type":"string","description":"Name of the Rights Bundle","description_kind":"plain","required":true},"org_ids":{"type":["set","string"],"description":"Set of Organizations to which this Rights Bundle is published","description_kind":"plain","computed":true},"publish_to_all_orgs":{"type":"bool","description":"When true, publishes the Rights Bundle to all Organizations","description_kind":"plain","computed":true},"read_only":{"type":"bool","description":"Whether this Rights Bundle is read-only","description_kind":"plain","computed":true},"rights":{"type":["set","string"],"description":"Set of Rights assigned to this Rights Bundle","description_kind":"plain","computed":true}},"description_kind":"plain"}},"vcfa_role":{"version":0,"block":{"attributes":{"bundle_key":{"type":"string","description":"Key used for internationalization","description_kind":"plain","computed":true},"description":{"type":"string","description":"Role description","description_kind":"plain","computed":true},"id":{"type":"string","description_kind":"plain","optional":true,"computed":true},"name":{"type":"string","description":"Name of the Role","description_kind":"plain","required":true},"org_id":{"type":"string","description":"The ID of the Organization of the Role","description_kind":"plain","required":true},"read_only":{"type":"bool","description":"Whether this Role is read-only","description_kind":"plain","computed":true},"rights":{"type":["set","string"],"description":"Set of Rights assigned to this Role","description_kind":"plain","computed":true}},"description_kind":"plain"}},"vcfa_shared_subnet":{"version":0,"block":{"attributes":{"backing_id":{"type":"string","description":"ID for the matching Subnet in NSX","description_kind":"plain","computed":true},"description":{"type":"string","description":"Description of Shared Subnet","description_kind":"plain","computed":true},"gateway_cidr":{"type":"string","description":"The gateway CIDR for the Shared Subnet","description_kind":"plain","computed":true},"id":{"type":"string","description_kind":"plain","optional":true,"computed":true},"ip_space_id":{"type":"string","description":"The IP Block that is automatically created for this Shared Subnet","description_kind":"plain","computed":true},"name":{"type":"string","description":"Name of Shared Subnet","description_kind":"plain","required":true},"region_id":{"type":"string","description":"Region ID for this Shared Subnet","description_kind":"plain","required":true},"status":{"type":"string","description":"Status of Shared Subnet","description_kind":"plain","computed":true},"subnet_type":{"type":"string","description":"Type of Shared Subnet","description_kind":"plain","computed":true},"vlan_id":{"type":"number","description":"The VLAN ID if type is VLAN","description_kind":"plain","computed":true}},"description_kind":"plain"}},"vcfa_storage_class":{"version":0,"block":{"attributes":{"id":{"type":"string","description_kind":"plain","optional":true,"computed":true},"name":{"type":"string","description":"Storage Class name","description_kind":"plain","required":true},"region_id":{"type":"string","description":"The Region that this Storage Class belongs to","description_kind":"plain","required":true},"storage_capacity_mib":{"type":"number","description":"The total storage capacity of the Storage Class in mebibytes","description_kind":"plain","computed":true},"storage_consumed_mib":{"type":"number","description":"For tenants, this represents the total storage given to all namespaces consuming from this Storage Class in mebibytes. For providers, this represents the total storage given to tenants from this Storage Class in mebibytes.","description_kind":"plain","computed":true},"zone_ids":{"type":["set","string"],"description":"A set with all the IDs of the zones available to the Storage Class","description_kind":"plain","computed":true}},"description_kind":"plain"}},"vcfa_supervisor":{"version":0,"block":{"attributes":{"id":{"type":"string","description_kind":"plain","optional":true,"computed":true},"name":{"type":"string","description":"Name of the Supervisor","description_kind":"plain","required":true},"region_id":{"type":"string","description":"Parent Region ID","description_kind":"plain","computed":true},"vcenter_id":{"type":"string","description":"Parent vCenter ID","description_kind":"plain","required":true}},"description_kind":"plain"}},"vcfa_supervisor_namespace":{"version":0,"block":{"attributes":{"class_name":{"type":"string","description":"The name of the Supervisor Namespace Class","description_kind":"plain","computed":true},"conditions":{"type":["set",["object",{"last_transition_time":"string","message":"string","reason":"string","severity":"string","status":"string","type":"string"}]],"description":"Detailed conditions tracking Supervisor Namespace health and lifecycle events","description_kind":"plain","computed":true},"content_libraries":{"type":["set",["object",{"name":"string","type":"string"}]],"description":"Content libraries currently available in the  Supervisor Namespace","description_kind":"plain","computed":true},"content_sources_class_config_overrides":{"type":["set",["object",{"name":"string","type":"string"}]],"description":"Class Config Overrides for Content Sources","description_kind":"plain","computed":true},"description":{"type":"string","description":"Description","description_kind":"plain","computed":true},"id":{"type":"string","description_kind":"plain","optional":true,"computed":true},"infra_policies":{"type":["set",["object",{"mandatory":"bool","name":"string"}]],"description":"List of Infra Policies associated with the Supervisor Namespace","description_kind":"plain","computed":true},"infra_policy_names":{"type":["set","string"],"description":"List of Non-mandatory Infra Policies to be associated with the Supervisor Namespace","description_kind":"plain","computed":true},"name":{"type":"string","description":"Name of the Supervisor Namespace","description_kind":"plain","required":true},"phase":{"type":"string","description":"Phase of the Supervisor Namespace","description_kind":"plain","computed":true},"project_name":{"type":"string","description":"The name of the Project the Supervisor Namespace belongs to","description_kind":"plain","required":true},"ready":{"type":"bool","description":"Whether the Supervisor Namespace is in a ready status or not","description_kind":"plain","computed":true},"region_name":{"type":"string","description":"Name of the Region","description_kind":"plain","computed":true},"seg_name":{"type":"string","description":"Service Engine Group associated with the Supervisor Namespace","description_kind":"plain","computed":true},"shared_subnet_names":{"type":["set","string"],"description":"Shared subnets associated with the Supervisor Namespace","description_kind":"plain","computed":true},"storage_classes":{"type":["set",["object",{"limit":"string","name":"string"}]],"description":"Supervisor Namespace Storage Classes","description_kind":"plain","computed":true},"storage_classes_class_config_overrides":{"type":["set",["object",{"limit":"string","name":"string"}]],"description":"Class Config Overrides for Storage Classes","description_kind":"plain","computed":true},"storage_classes_initial_class_config_overrides":{"type":["set",["object",{"limit":"string","name":"string"}]],"description":"Initial Class Config Overrides for Storage Classes","description_kind":"plain","deprecated":true,"computed":true},"vm_classes":{"type":["set",["object",{"name":"string"}]],"description":"Supervisor Namespace VM Classes","description_kind":"plain","computed":true},"vm_classes_class_config_overrides":{"type":["set",["object",{"name":"string"}]],"description":"Class Config Overrides for VM Classes","description_kind":"plain","computed":true},"vpc_name":{"type":"string","description":"Name of the VPC","description_kind":"plain","computed":true},"zones":{"type":["set",["object",{"cpu_limit":"string","cpu_reservation":"string","marked_for_removal":"bool","memory_limit":"string","memory_reservation":"string","name":"string"}]],"description":"Supervisor Namespace Zones","description_kind":"plain","computed":true},"zones_class_config_overrides":{"type":["set",["object",{"cpu_limit":"string","cpu_reservation":"string","memory_limit":"string","memory_reservation":"string","name":"string"}]],"description":"Class Config Overrides for Zones","description_kind":"plain","computed":true},"zones_initial_class_config_overrides":{"type":["set",["object",{"cpu_limit":"string","cpu_reservation":"string","memory_limit":"string","memory_reservation":"string","name":"string"}]],"description":"Initial Class Config Overrides for Zones","description_kind":"plain","deprecated":true,"computed":true}},"description_kind":"plain"}},"vcfa_supervisor_zone":{"version":0,"block":{"attributes":{"cpu_capacity_mhz":{"type":"number","description":"CPU Capacity in MHz","description_kind":"plain","computed":true},"cpu_used_mhz":{"type":"number","description":"CPU used in MHz","description_kind":"plain","computed":true},"id":{"type":"string","description_kind":"plain","optional":true,"computed":true},"memory_capacity_mib":{"type":"number","description":"Memory capacity in MiB","description_kind":"plain","computed":true},"memory_used_mib":{"type":"number","description":"Memory used in MiB","description_kind":"plain","computed":true},"name":{"type":"string","description":"Name of the Supervisor Zone","description_kind":"plain","required":true},"region_id":{"type":"string","description":"Parent Region ID","description_kind":"plain","computed":true},"supervisor_id":{"type":"string","description":"ID of the Supervisor","description_kind":"plain","required":true},"vcenter_id":{"type":"string","description":"Parent vCenter ID","description_kind":"plain","computed":true}},"description_kind":"plain"}},"vcfa_tier0_gateway":{"version":0,"block":{"attributes":{"already_imported":{"type":"bool","description":"Defines if the T0 is already imported of Tier-0 Gateway","description_kind":"plain","computed":true},"description":{"type":"string","description":"Description of Tier-0 Gateway","description_kind":"plain","computed":true},"id":{"type":"string","description_kind":"plain","optional":true,"computed":true},"name":{"type":"string","description":"Display Name of Tier-0 Gateway","description_kind":"plain","required":true},"parent_tier_0_id":{"type":"string","description":"Parent Tier-0 Gateway of Tier-0 Gateway","description_kind":"plain","computed":true},"region_id":{"type":"string","description":"Parent Region ID","description_kind":"plain","required":true}},"description_kind":"plain"}},"vcfa_vcenter":{"version":0,"block":{"attributes":{"cluster_health_status":{"type":"string","description":"Mode of vCenter Server","description_kind":"plain","computed":true},"connection_status":{"type":"string","description":"Listener state of vCenter Server","description_kind":"plain","computed":true},"description":{"type":"string","description":"Description of vCenter Server","description_kind":"plain","computed":true},"has_proxy":{"type":"bool","description":"A flag that shows if vCenter Server has proxy defined","description_kind":"plain","computed":true},"id":{"type":"string","description_kind":"plain","optional":true,"computed":true},"is_connected":{"type":"bool","description":"A flag that shows if vCenter Server is connected","description_kind":"plain","computed":true},"is_enabled":{"type":"bool","description":"Should the vCenter Server be enabled","description_kind":"plain","computed":true},"mode":{"type":"string","description":"Mode of vCenter Server","description_kind":"plain","computed":true},"name":{"type":"string","description":"Name of vCenter Server","description_kind":"plain","required":true},"status":{"type":"string","description":"vCenter status","description_kind":"plain","computed":true},"url":{"type":"string","description":"URL of vCenter Server","description_kind":"plain","computed":true},"username":{"type":"string","description":"Username of vCenter Server","description_kind":"plain","computed":true},"uuid":{"type":"string","description":"vCenter Server UUID","description_kind":"plain","computed":true},"vcenter_host":{"type":"string","description":"vCenter Server hostname","description_kind":"plain","computed":true},"vcenter_version":{"type":"string","description":"Version of vCenter Server","description_kind":"plain","computed":true}},"description_kind":"plain"}},"vcfa_version":{"version":0,"block":{"attributes":{"api_version":{"type":"string","description":"The maximum supported VCFA API version","description_kind":"plain","computed":true},"condition":{"type":"string","description":"A condition to check against the VCFA version","description_kind":"plain","optional":true},"fail_if_not_match":{"type":"bool","description":"This data source fails if the VCFA doesn't match the version constraint set in 'condition'","description_kind":"plain","optional":true},"id":{"type":"string","description_kind":"plain","optional":true,"computed":true},"matches_condition":{"type":"bool","description":"Whether VCFA matches the condition or not","description_kind":"plain","computed":true},"version":{"type":"string","description":"The VCFA version","description_kind":"plain","computed":true}},"description_kind":"plain"}}}}}}
